
Microsoft Visual Studio Solution File, Format Version 12.00
# Visual Studio 15
VisualStudioVersion = 15.0.27703.2047
MinimumVisualStudioVersion = 10.0.40219.1
Project("{FAE04EC0-301F-11D3-BF4B-00C04F79EFBC}") = "ALTER SEQUENCE REPLACE", "ALTER SEQUENCE REPLACE\ALTER SEQUENCE REPLACE.csproj", "{3CC59F84-B809-466F-8755-6A9DA3B0578A}"
EndProject
Global
	GlobalSection(SolutionConfigurationPlatforms) = preSolution
		Debug|Any CPU = Debug|Any CPU
		Release|Any CPU = Release|Any CPU
	EndGlobalSection
	GlobalSection(ProjectConfigurationPlatforms) = postSolution
		{3CC59F84-B809-466F-8755-6A9DA3B0578A}.Debug|Any CPU.ActiveCfg = Debug|Any CPU
		{3CC59F84-B809-466F-8755-6A9DA3B0578A}.Debug|Any CPU.Build.0 = Debug|Any CPU
		{3CC59F84-B809-466F-8755-6A9DA3B0578A}.Release|Any CPU.ActiveCfg = Release|Any CPU
		{3CC59F84-B809-466F-8755-6A9DA3B0578A}.Release|Any CPU.Build.0 = Release|Any CPU
	EndGlobalSection
	GlobalSection(SolutionProperties) = preSolution
		HideSolutionNode = FALSE
	EndGlobalSection
	GlobalSection(ExtensibilityGlobals) = postSolution
		SolutionGuid = {1DF90A12-B03B-41EE-9D84-4D6D99619CDE}
	EndGlobalSection
EndGlobal
